Microsoft Visual Studio Solution File, Format Version 12.00
# Visual Studio Version 17
VisualStudioVersion = 17.5.2.0
MinimumVisualStudioVersion = 10.0.40219.1
Project("{FAE04EC0-301F-11D3-BF4B-00C04F79EFBC}") = "final_proj", "final_proj.csproj", "{0FF317CD-E4FB-DC70-739C-CDF8FFBCCE7F}"
EndProject
Global
	GlobalSection(SolutionConfigurationPlatforms) = preSolution
		Debug|Any CPU = Debug|Any CPU
		Release|Any CPU = Release|Any CPU
	EndGlobalSection
	GlobalSection(ProjectConfigurationPlatforms) = postSolution
		{0FF317CD-E4FB-DC70-739C-CDF8FFBCCE7F}.Debug|Any CPU.ActiveCfg = Debug|Any CPU
		{0FF317CD-E4FB-DC70-739C-CDF8FFBCCE7F}.Debug|Any CPU.Build.0 = Debug|Any CPU
		{0FF317CD-E4FB-DC70-739C-CDF8FFBCCE7F}.Release|Any CPU.ActiveCfg = Release|Any CPU
		{0FF317CD-E4FB-DC70-739C-CDF8FFBCCE7F}.Release|Any CPU.Build.0 = Release|Any CPU
	EndGlobalSection
	GlobalSection(SolutionProperties) = preSolution
		HideSolutionNode = FALSE
	EndGlobalSection
	GlobalSection(ExtensibilityGlobals) = postSolution
		SolutionGuid = {3B5AF676-C9F5-4886-A0B6-EACB26EF13FC}
	EndGlobalSection
EndGlobal
